# THIS IS AN AUTOGENERATED FILE. DO NOT EDIT THIS FILE DIRECTLY.
# yarn lockfile v1


"@ryb73/bs-bluebird@0.0.2":
  version "0.0.2"
  resolved "https://registry.yarnpkg.com/@ryb73/bs-bluebird/-/bs-bluebird-0.0.2.tgz#cea96840d9711794888c3bce0083aee0dc5ac563"
  integrity sha512-nILqpYSDdOwYPo30T7BEtu4/u8n0h1z2lp4TrfyKBzGhMrBVjq6agPKad9AengiTJp1EOWCDC7ocKMNwmla/rg==
  dependencies:
    bluebird "^3.5.1"

"@ryb73/reduice@0.0.2":
  version "0.0.2"
  resolved "https://registry.yarnpkg.com/@ryb73/reduice/-/reduice-0.0.2.tgz#24f388bf7d139333f261d840ebd261aefce39fb9"
  integrity sha512-/wRPdll9a/LstvmmQTaPLv/+FpemOcua5RWOt9d1if0E+FpQvUBOe3OWqI7iH2GCXNYuYrlNvzdmE71aZE0MOQ==
  dependencies:
    "@ryb73/bs-bluebird" "0.0.2"

bluebird@^3.5.1:
  version "3.5.3"
  resolved "https://registry.yarnpkg.com/bluebird/-/bluebird-3.5.3.tgz#7d01c6f9616c9a51ab0f8c549a79dfe6ec33efa7"
  integrity sha512-/qKPUQlaW1OyR51WeCPBvRnAlnZFUJkCSG5HzGnuIqhgyJtF+T94lFnn33eiazjRm2LAHVy2guNnaq48X9SJuw==

bs-batteries@0.0.14:
  version "0.0.14"
  resolved "https://registry.yarnpkg.com/bs-batteries/-/bs-batteries-0.0.14.tgz#51536a489615087c05774525c38ab56b4d45df4c"
  integrity sha1-UVNqSJYVCHwFd0Ulw4q1a01F30w=
